
Microsoft Visual Studio Solution File, Format Version 12.00
# Visual Studio Version 17
VisualStudioVersion = 17.14.36511.14 d17.14
MinimumVisualStudioVersion = 10.0.40219.1
Project("{FAE04EC0-301F-11D3-BF4B-00C04F79EFBC}") = "Ejemplo1", "Ejemplo1.csproj", "{A09A7D68-F246-455C-A14D-53C7E65F5DD7}"
EndProject
Global
	GlobalSection(SolutionConfigurationPlatforms) = preSolution
		Debug|Any CPU = Debug|Any CPU
		Release|Any CPU = Release|Any CPU
	EndGlobalSection
	GlobalSection(ProjectConfigurationPlatforms) = postSolution
		{A09A7D68-F246-455C-A14D-53C7E65F5DD7}.Debug|Any CPU.ActiveCfg = Debug|Any CPU
		{A09A7D68-F246-455C-A14D-53C7E65F5DD7}.Debug|Any CPU.Build.0 = Debug|Any CPU
		{A09A7D68-F246-455C-A14D-53C7E65F5DD7}.Release|Any CPU.ActiveCfg = Release|Any CPU
		{A09A7D68-F246-455C-A14D-53C7E65F5DD7}.Release|Any CPU.Build.0 = Release|Any CPU
	EndGlobalSection
	GlobalSection(SolutionProperties) = preSolution
		HideSolutionNode = FALSE
	EndGlobalSection
	GlobalSection(ExtensibilityGlobals) = postSolution
		SolutionGuid = {783A3B7A-20F5-4116-AB44-4D418347F455}
	EndGlobalSection
EndGlobal
